{
  "nodes": {
    "firefox-addons": {
      "inputs": {
        "nixpkgs": [
          "nixpkgs"
        ]
      },
      "locked": {
        "dir": "pkgs/firefox-addons",
        "lastModified": 1762401807,
        "narHash": "sha256-Xe98njKWh3Uev/1E2IbrKbV9gFXMtCXD7gVkg/AAjgo=",
        "owner": "rycee",
        "repo": "nur-expressions",
        "rev": "34bcbbf442960b5a5f77414d691ef1cd4cbf8d8d",
        "type": "gitlab"
      },
      "original": {
        "dir": "pkgs/firefox-addons",
        "owner": "rycee",
        "repo": "nur-expressions",
        "type": "gitlab"
      }
    },
    "home-manager": {
      "inputs": {
        "nixpkgs": [
          "nixpkgs"
        ]
      },
      "locked": {
        "lastModified": 1762463325,
        "narHash": "sha256-33YUsWpPyeBZEWrKQ2a1gkRZ7i0XCC/2MYpU6BVeQSU=",
        "owner": "nix-community",
        "repo": "home-manager",
        "rev": "0562fef070a1027325dd4ea10813d64d2c967b39",
        "type": "github"
      },
      "original": {
        "owner": "nix-community",
        "repo": "home-manager",
        "type": "github"
      }
    },
    "home-manager_2": {
      "inputs": {
        "nixpkgs": [
          "zen-browser",
          "nixpkgs"
        ]
      },
      "locked": {
        "lastModified": 1762351818,
        "narHash": "sha256-0ptUDbYwxv1kk/uzEX4+NJjY2e16MaAhtzAOJ6K0TG0=",
        "owner": "nix-community",
        "repo": "home-manager",
        "rev": "b959c67241cae17fc9e4ee7eaf13dfa8512477ea",
        "type": "github"
      },
      "original": {
        "owner": "nix-community",
        "repo": "home-manager",
        "type": "github"
      }
    },
    "nixpkgs": {
      "locked": {
        "lastModified": 1762111121,
        "narHash": "sha256-4vhDuZ7OZaZmKKrnDpxLZZpGIJvAeMtK6FKLJYUtAdw=",
        "owner": "nixos",
        "repo": "nixpkgs",
        "rev": "b3d51a0365f6695e7dd5cdf3e180604530ed33b4",
        "type": "github"
      },
      "original": {
        "owner": "nixos",
        "ref": "nixos-unstable",
        "repo": "nixpkgs",
        "type": "github"
      }
    },
    "nvimFZF": {
      "locked": {
        "lastModified": 1761772371,
        "narHash": "sha256-ARMMI3/uy+QktSimzdkwHrfTBou7QSRFcZssV4il+jE=",
        "owner": "mirrorwalk",
        "repo": "nvim-fzf",
        "rev": "3380637aaa9a27aab39458fc59b57228627ef706",
        "type": "github"
      },
      "original": {
        "owner": "mirrorwalk",
        "repo": "nvim-fzf",
        "type": "github"
      }
    },
    "privateConfig": {
      "inputs": {
        "nixpkgs": [
          "nixpkgs"
        ]
      },
      "locked": {
        "lastModified": 1762225404,
        "narHash": "sha256-xZtKDyHgA80dbmQaGU/UyHcvvkmsX2NfFq28Oexu2EY=",
        "ref": "refs/heads/master",
        "rev": "b8cc52075ddeff308e50fa0c3fc9e81490336b06",
        "revCount": 56,
        "type": "git",
        "url": "ssh://git@github.com/mirrorwalk/nixos-private.git"
      },
      "original": {
        "type": "git",
        "url": "ssh://git@github.com/mirrorwalk/nixos-private.git"
      }
    },
    "root": {
      "inputs": {
        "firefox-addons": "firefox-addons",
        "home-manager": "home-manager",
        "nixpkgs": "nixpkgs",
        "nvimFZF": "nvimFZF",
        "privateConfig": "privateConfig",
        "tmuxWorkspace": "tmuxWorkspace",
        "wrappers": "wrappers",
        "zen-browser": "zen-browser"
      }
    },
    "tmuxWorkspace": {
      "locked": {
        "lastModified": 1761589384,
        "narHash": "sha256-EFTc0BNfzmcKtxlMMIBGxGO/GXSn3stCQKHw+IdnPzs=",
        "owner": "mirrorwalk",
        "repo": "tmux-workspace",
        "rev": "8d00fbb5016c332fee984dbdba9a585ba7c897a2",
        "type": "github"
      },
      "original": {
        "owner": "mirrorwalk",
        "repo": "tmux-workspace",
        "type": "github"
      }
    },
    "wrappers": {
      "inputs": {
        "nixpkgs": [
          "nixpkgs"
        ]
      },
      "locked": {
        "lastModified": 1762459897,
        "narHash": "sha256-oUgAjOA6mXUhBoVQGcbfLE6+0tZYbykWx7llLngXkhg=",
        "owner": "lassulus",
        "repo": "wrappers",
        "rev": "e1314e578b3545702ac7ef03e0b0b516a63771e1",
        "type": "github"
      },
      "original": {
        "owner": "lassulus",
        "repo": "wrappers",
        "type": "github"
      }
    },
    "zen-browser": {
      "inputs": {
        "home-manager": "home-manager_2",
        "nixpkgs": [
          "nixpkgs"
        ]
      },
      "locked": {
        "lastModified": 1762403216,
        "narHash": "sha256-BPv/dC0S54hqsurgmxGxUbXb3kJMpK3KNKQDrdO4NRE=",
        "owner": "0xc000022070",
        "repo": "zen-browser-flake",
        "rev": "a3a22c5ad43f46f8ddad7eed8aa7f82ec649765f",
        "type": "github"
      },
      "original": {
        "owner": "0xc000022070",
        "repo": "zen-browser-flake",
        "type": "github"
      }
    }
  },
  "root": "root",
  "version": 7
}
