{
  "nodes": {
    "firefox-addons": {
      "inputs": {
        "nixpkgs": [
          "nixpkgs"
        ]
      },
      "locked": {
        "dir": "pkgs/firefox-addons",
        "lastModified": 1762162438,
        "narHash": "sha256-GPnRGcVck+TPiQl6Rqj0i57c8hAa34RsQWVqQAW0OVY=",
        "owner": "rycee",
        "repo": "nur-expressions",
        "rev": "2cf91d46e558b29f9f9bbdd23408f62e8423aa00",
        "type": "gitlab"
      },
      "original": {
        "dir": "pkgs/firefox-addons",
        "owner": "rycee",
        "repo": "nur-expressions",
        "type": "gitlab"
      }
    },
    "home-manager": {
      "inputs": {
        "nixpkgs": [
          "nixpkgs"
        ]
      },
      "locked": {
        "lastModified": 1762183399,
        "narHash": "sha256-vr2aL1QLfERYTfYBgK8cW3T9eSdSEThH462wKaGlmEU=",
        "owner": "nix-community",
        "repo": "home-manager",
        "rev": "a5fee077929ae2f2800c3087dce5e1abb4edfbc6",
        "type": "github"
      },
      "original": {
        "owner": "nix-community",
        "repo": "home-manager",
        "type": "github"
      }
    },
    "home-manager_2": {
      "inputs": {
        "nixpkgs": [
          "zen-browser",
          "nixpkgs"
        ]
      },
      "locked": {
        "lastModified": 1752603129,
        "narHash": "sha256-S+wmHhwNQ5Ru689L2Gu8n1OD6s9eU9n9mD827JNR+kw=",
        "owner": "nix-community",
        "repo": "home-manager",
        "rev": "e8c19a3cec2814c754f031ab3ae7316b64da085b",
        "type": "github"
      },
      "original": {
        "owner": "nix-community",
        "repo": "home-manager",
        "type": "github"
      }
    },
    "nixpkgs": {
      "locked": {
        "lastModified": 1762111121,
        "narHash": "sha256-4vhDuZ7OZaZmKKrnDpxLZZpGIJvAeMtK6FKLJYUtAdw=",
        "owner": "nixos",
        "repo": "nixpkgs",
        "rev": "b3d51a0365f6695e7dd5cdf3e180604530ed33b4",
        "type": "github"
      },
      "original": {
        "owner": "nixos",
        "ref": "nixos-unstable",
        "repo": "nixpkgs",
        "type": "github"
      }
    },
    "nixpkgs_2": {
      "locked": {
        "lastModified": 1758690382,
        "narHash": "sha256-NY3kSorgqE5LMm1LqNwGne3ZLMF2/ILgLpFr1fS4X3o=",
        "owner": "NixOS",
        "repo": "nixpkgs",
        "rev": "e643668fd71b949c53f8626614b21ff71a07379d",
        "type": "github"
      },
      "original": {
        "owner": "NixOS",
        "ref": "nixos-unstable",
        "repo": "nixpkgs",
        "type": "github"
      }
    },
    "nvimFZF": {
      "locked": {
        "lastModified": 1761772371,
        "narHash": "sha256-ARMMI3/uy+QktSimzdkwHrfTBou7QSRFcZssV4il+jE=",
        "owner": "mirrorwalk",
        "repo": "nvim-fzf",
        "rev": "3380637aaa9a27aab39458fc59b57228627ef706",
        "type": "github"
      },
      "original": {
        "owner": "mirrorwalk",
        "repo": "nvim-fzf",
        "type": "github"
      }
    },
    "privateConfig": {
      "inputs": {
        "nixpkgs": [
          "nixpkgs"
        ]
      },
      "locked": {
        "lastModified": 1762099547,
        "narHash": "sha256-qcup128HvX0/vYry6dtjg9PemApFYY0VsI9M5WYCbSk=",
        "ref": "refs/heads/master",
        "rev": "d1db55b8255de270aa227945b5c565594437cf74",
        "revCount": 55,
        "type": "git",
        "url": "ssh://git@github.com/mirrorwalk/nixos-private.git"
      },
      "original": {
        "type": "git",
        "url": "ssh://git@github.com/mirrorwalk/nixos-private.git"
      }
    },
    "root": {
      "inputs": {
        "firefox-addons": "firefox-addons",
        "home-manager": "home-manager",
        "nixpkgs": "nixpkgs",
        "nvimFZF": "nvimFZF",
        "privateConfig": "privateConfig",
        "tmuxWorkspace": "tmuxWorkspace",
        "wrappers": "wrappers",
        "zen-browser": "zen-browser"
      }
    },
    "tmuxWorkspace": {
      "locked": {
        "lastModified": 1761589384,
        "narHash": "sha256-EFTc0BNfzmcKtxlMMIBGxGO/GXSn3stCQKHw+IdnPzs=",
        "owner": "mirrorwalk",
        "repo": "tmux-workspace",
        "rev": "8d00fbb5016c332fee984dbdba9a585ba7c897a2",
        "type": "github"
      },
      "original": {
        "owner": "mirrorwalk",
        "repo": "tmux-workspace",
        "type": "github"
      }
    },
    "wrappers": {
      "inputs": {
        "nixpkgs": "nixpkgs_2"
      },
      "locked": {
        "lastModified": 1761915343,
        "narHash": "sha256-pEszVJ3mDjf2SGItyW6rQ6YB+l7XXK1uhuMprn6zVmk=",
        "owner": "lassulus",
        "repo": "wrappers",
        "rev": "c33eda4514e5a952a45db52cff88af58b3106cc6",
        "type": "github"
      },
      "original": {
        "owner": "lassulus",
        "repo": "wrappers",
        "type": "github"
      }
    },
    "zen-browser": {
      "inputs": {
        "home-manager": "home-manager_2",
        "nixpkgs": [
          "nixpkgs"
        ]
      },
      "locked": {
        "lastModified": 1762131860,
        "narHash": "sha256-sIPhzkDrfe6ptthZiwoxQyO6rKd9PgJnl+LOyythQkI=",
        "owner": "0xc000022070",
        "repo": "zen-browser-flake",
        "rev": "10e69cb268b1d3dc91135e72f5462b2acfbcc3aa",
        "type": "github"
      },
      "original": {
        "owner": "0xc000022070",
        "repo": "zen-browser-flake",
        "type": "github"
      }
    }
  },
  "root": "root",
  "version": 7
}
